# This file is autogenerated, do not edit; changes may be undone by the next 'dep ensure'.


[[projects]]
  digest = "1:1c29e45ea5c6fa7e9159bfed0f5b31f10030f536ebc7f87615b93ff5f20c6dfe"
  name = "github.com/aws/aws-lambda-go"
  packages = [
    "events",
    "lambda",
    "lambda/messages",
    "lambdacontext",
  ]
  pruneopts = ""
  revision = "928161204cad89472f9e6b5dd49ce16bc91230de"
  version = "v1.8.1"

[[projects]]
  digest = "1:4611e727460d3634059cbe6e0a4799aaeb426ef8150e3b26056c83e1106831c4"
  name = "github.com/jmoiron/sqlx"
  packages = [
    ".",
    "reflectx",
  ]
  pruneopts = ""
  revision = "d161d7a76b5661016ad0b085869f77fd410f3e6a"
  version = "v1.2.0"

[solve-meta]
  analyzer-name = "dep"
  analyzer-version = 1
  input-imports = [
    "github.com/aws/aws-lambda-go/events",
    "github.com/aws/aws-lambda-go/lambda",
    "github.com/jmoiron/sqlx",
  ]
  solver-name = "gps-cdcl"
  solver-version = 1
